
Microsoft Visual Studio Solution File, Format Version 12.00
# Visual Studio Version 16
VisualStudioVersion = 16.0.31624.102
MinimumVisualStudioVersion = 10.0.40219.1
Project("{FAE04EC0-301F-11D3-BF4B-00C04F79EFBC}") = "RocketMortgageVeracorePush", "RocketMortgageVeracorePush\RocketMortgageVeracorePush.csproj", "{F710527F-F148-4A8E-B60F-A4B9B979E4B2}"
EndProject
Global
	GlobalSection(SolutionConfigurationPlatforms) = preSolution
		Debug|Any CPU = Debug|Any CPU
		Release|Any CPU = Release|Any CPU
	EndGlobalSection
	GlobalSection(ProjectConfigurationPlatforms) = postSolution
		{F710527F-F148-4A8E-B60F-A4B9B979E4B2}.Debug|Any CPU.ActiveCfg = Debug|Any CPU
		{F710527F-F148-4A8E-B60F-A4B9B979E4B2}.Debug|Any CPU.Build.0 = Debug|Any CPU
		{F710527F-F148-4A8E-B60F-A4B9B979E4B2}.Release|Any CPU.ActiveCfg = Release|Any CPU
		{F710527F-F148-4A8E-B60F-A4B9B979E4B2}.Release|Any CPU.Build.0 = Release|Any CPU
	EndGlobalSection
	GlobalSection(SolutionProperties) = preSolution
		HideSolutionNode = FALSE
	EndGlobalSection
	GlobalSection(ExtensibilityGlobals) = postSolution
		SolutionGuid = {D3E78D0D-DAC5-403F-8BD7-AA347A593EC7}
	EndGlobalSection
EndGlobal
